// !$*UTF8*$!
{
	archiveVersion = 1;
	classes = {
	};
	objectVersion = 56;
	objects = {

/* Begin PBXBuildFile section */
		BB58AA702CB80D590003F48E /* OnboardingView.swift in Sources */ = {isa = PBXBuildFile; fileRef = BB58AA6F2CB80D590003F48E /* OnboardingView.swift */; };
		BBB9E0102CB5CD64004E4CF7 /* BetterApp.swift in Sources */ = {isa = PBXBuildFile; fileRef = BBB9E00F2CB5CD64004E4CF7 /* BetterApp.swift */; };
		BBB9E0122CB5CD64004E4CF7 /* LogoView.swift in Sources */ = {isa = PBXBuildFile; fileRef = BBB9E0112CB5CD64004E4CF7 /* LogoView.swift */; };
		BBB9E0142CB5CD66004E4CF7 /* Assets.xcassets in Resources */ = {isa = PBXBuildFile; fileRef = BBB9E0132CB5CD66004E4CF7 /* Assets.xcassets */; };
		BBB9E0172CB5CD66004E4CF7 /* Preview Assets.xcassets in Resources */ = {isa = PBXBuildFile; fileRef = BBB9E0162CB5CD66004E4CF7 /* Preview Assets.xcassets */; };
		BBF023FA2CB90CC4009540A8 /* TopBarView.swift in Sources */ = {isa = PBXBuildFile; fileRef = BBF023F92CB90CC4009540A8 /* TopBarView.swift */; };
		BBF023FD2CB96A03009540A8 /* UserInputView.swift in Sources */ = {isa = PBXBuildFile; fileRef = BBF023FC2CB96A03009540A8 /* UserInputView.swift */; };
/* End PBXBuildFile section */

/* Begin PBXFileReference section */
		BB58AA6F2CB80D590003F48E /* OnboardingView.swift */ = {isa = PBXFileReference; lastKnownFileType = sourcecode.swift; path = OnboardingView.swift; sourceTree = "<group>"; };
		BBB9E00C2CB5CD64004E4CF7 /* Better.app */ = {isa = PBXFileReference; explicitFileType = wrapper.application; includeInIndex = 0; path = Better.app; sourceTree = BUILT_PRODUCTS_DIR; };
		BBB9E00F2CB5CD64004E4CF7 /* BetterApp.swift */ = {isa = PBXFileReference; lastKnownFileType = sourcecode.swift; path = BetterApp.swift; sourceTree = "<group>"; };
		BBB9E0112CB5CD64004E4CF7 /* LogoView.swift */ = {isa = PBXFileReference; lastKnownFileType = sourcecode.swift; path = LogoView.swift; sourceTree = "<group>"; };
		BBB9E0132CB5CD66004E4CF7 /* Assets.xcassets */ = {isa = PBXFileReference; lastKnownFileType = folder.assetcatalog; path = Assets.xcassets; sourceTree = "<group>"; };
		BBB9E0162CB5CD66004E4CF7 /* Preview Assets.xcassets */ = {isa = PBXFileReference; lastKnownFileType = folder.assetcatalog; path = "Preview Assets.xcassets"; sourceTree = "<group>"; };
		BBF023F92CB90CC4009540A8 /* TopBarView.swift */ = {isa = PBXFileReference; lastKnownFileType = sourcecode.swift; path = TopBarView.swift; sourceTree = "<group>"; };
		BBF023FC2CB96A03009540A8 /* UserInputView.swift */ = {isa = PBXFileReference; lastKnownFileType = sourcecode.swift; path = UserInputView.swift; sourceTree = "<group>"; };
/* End PBXFileReference section */

/* Begin PBXFrameworksBuildPhase section */
		BBB9E0092CB5CD64004E4CF7 /* Frameworks */ = {
			isa = PBXFrameworksBuildPhase;
			buildActionMask = 2147483647;
			files = (
			);
			runOnlyForDeploymentPostprocessing = 0;
		};
/* End PBXFrameworksBuildPhase section */

/* Begin PBXGroup section */
		BBB9E0032CB5CD64004E4CF7 = {
			isa = PBXGroup;
			children = (
				BBB9E00E2CB5CD64004E4CF7 /* Better */,
				BBB9E00D2CB5CD64004E4CF7 /* Products */,
			);
			sourceTree = "<group>";
		};
		BBB9E00D2CB5CD64004E4CF7 /* Products */ = {
			isa = PBXGroup;
			children = (
				BBB9E00C2CB5CD64004E4CF7 /* Better.app */,
			);
			name = Products;
			sourceTree = "<group>";
		};
		BBB9E00E2CB5CD64004E4CF7 /* Better */ = {
			isa = PBXGroup;
			children = (
				BBF023FB2CB90E57009540A8 /* Views */,
				BBF023F82CB90C9A009540A8 /* Helpers */,
				BBB9E00F2CB5CD64004E4CF7 /* BetterApp.swift */,
				BBB9E0132CB5CD66004E4CF7 /* Assets.xcassets */,
				BBB9E0152CB5CD66004E4CF7 /* Preview Content */,
			);
			path = Better;
			sourceTree = "<group>";
		};
		BBB9E0152CB5CD66004E4CF7 /* Preview Content */ = {
			isa = PBXGroup;
			children = (
				BBB9E0162CB5CD66004E4CF7 /* Preview Assets.xcassets */,
			);
			path = "Preview Content";
			sourceTree = "<group>";
		};
		BBF023F82CB90C9A009540A8 /* Helpers */ = {
			isa = PBXGroup;
			children = (
				BBF023F92CB90CC4009540A8 /* TopBarView.swift */,
			);
			path = Helpers;
			sourceTree = "<group>";
		};
		BBF023FB2CB90E57009540A8 /* Views */ = {
			isa = PBXGroup;
			children = (
				BBB9E0112CB5CD64004E4CF7 /* LogoView.swift */,
				BB58AA6F2CB80D590003F48E /* OnboardingView.swift */,
				BBF023FC2CB96A03009540A8 /* UserInputView.swift */,
			);
			path = Views;
			sourceTree = "<group>";
		};
/* End PBXGroup section */

/* Begin PBXNativeTarget section */
		BBB9E00B2CB5CD64004E4CF7 /* Better */ = {
			isa = PBXNativeTarget;
			buildConfigurationList = BBB9E01A2CB5CD66004E4CF7 /* Build configuration list for PBXNativeTarget "Better" */;
			buildPhases = (
				BBB9E0082CB5CD64004E4CF7 /* Sources */,
				BBB9E0092CB5CD64004E4CF7 /* Frameworks */,
				BBB9E00A2CB5CD64004E4CF7 /* Resources */,
			);
			buildRules = (
			);
			dependencies = (
			);
			name = Better;
			productName = Better;
			productReference = BBB9E00C2CB5CD64004E4CF7 /* Better.app */;
			productType = "com.apple.product-type.application";
		};
/* End PBXNativeTarget section */

/* Begin PBXProject section */
		BBB9E0042CB5CD64004E4CF7 /* Project object */ = {
			isa = PBXProject;
			attributes = {
				BuildIndependentTargetsInParallel = 1;
				LastSwiftUpdateCheck = 1540;
				LastUpgradeCheck = 1540;
				TargetAttributes = {
					BBB9E00B2CB5CD64004E4CF7 = {
						CreatedOnToolsVersion = 15.4;
					};
				};
			};
			buildConfigurationList = BBB9E0072CB5CD64004E4CF7 /* Build configuration list for PBXProject "Better" */;
			compatibilityVersion = "Xcode 14.0";
			developmentRegion = en;
			hasScannedForEncodings = 0;
			knownRegions = (
				en,
				Base,
			);
			mainGroup = BBB9E0032CB5CD64004E4CF7;
			productRefGroup = BBB9E00D2CB5CD64004E4CF7 /* Products */;
			projectDirPath = "";
			projectRoot = "";
			targets = (
				BBB9E00B2CB5CD64004E4CF7 /* Better */,
			);
		};
/* End PBXProject section */

/* Begin PBXResourcesBuildPhase section */
		BBB9E00A2CB5CD64004E4CF7 /* Resources */ = {
			isa = PBXResourcesBuildPhase;
			buildActionMask = 2147483647;
			files = (
				BBB9E0172CB5CD66004E4CF7 /* Preview Assets.xcassets in Resources */,
				BBB9E0142CB5CD66004E4CF7 /* Assets.xcassets in Resources */,
			);
			runOnlyForDeploymentPostprocessing = 0;
		};
/* End PBXResourcesBuildPhase section */

/* Begin PBXSourcesBuildPhase section */
		BBB9E0082CB5CD64004E4CF7 /* Sources */ = {
			isa = PBXSourcesBuildPhase;
			buildActionMask = 2147483647;
			files = (
				BB58AA702CB80D590003F48E /* OnboardingView.swift in Sources */,
				BBF023FD2CB96A03009540A8 /* UserInputView.swift in Sources */,
				BBB9E0122CB5CD64004E4CF7 /* LogoView.swift in Sources */,
				BBF023FA2CB90CC4009540A8 /* TopBarView.swift in Sources */,
				BBB9E0102CB5CD64004E4CF7 /* BetterApp.swift in Sources */,
			);
			runOnlyForDeploymentPostprocessing = 0;
		};
/* End PBXSourcesBuildPhase section */

/* Begin XCBuildConfiguration section */
		BBB9E0182CB5CD66004E4CF7 /* Debug */ = {
			isa = XCBuildConfiguration;
			buildSettings = {
				ALWAYS_SEARCH_USER_PATHS = NO;
				ASSETCATALOG_COMPILER_GENERATE_SWIFT_ASSET_SYMBOL_EXTENSIONS = YES;
				CLANG_ANALYZER_NONNULL = YES;
				CLANG_ANALYZER_NUMBER_OBJECT_CONVERSION = YES_AGGRESSIVE;
				CLANG_CXX_LANGUAGE_STANDARD = "gnu++20";
				CLANG_ENABLE_MODULES = YES;
				CLANG_ENABLE_OBJC_ARC = YES;
				CLANG_ENABLE_OBJC_WEAK = YES;
				CLANG_WARN_BLOCK_CAPTURE_AUTORELEASING = YES;
				CLANG_WARN_BOOL_CONVERSION = YES;
				CLANG_WARN_COMMA = YES;
				CLANG_WARN_CONSTANT_CONVERSION = YES;
				CLANG_WARN_DEPRECATED_OBJC_IMPLEMENTATIONS = YES;
				CLANG_WARN_DIRECT_OBJC_ISA_USAGE = YES_ERROR;
				CLANG_WARN_DOCUMENTATION_COMMENTS = YES;
				CLANG_WARN_EMPTY_BODY = YES;
				CLANG_WARN_ENUM_CONVERSION = YES;
				CLANG_WARN_INFINITE_RECURSION = YES;
				CLANG_WARN_INT_CONVERSION = YES;
				CLANG_WARN_NON_LITERAL_NULL_CONVERSION = YES;
				CLANG_WARN_OBJC_IMPLICIT_RETAIN_SELF = YES;
				CLANG_WARN_OBJC_LITERAL_CONVERSION = YES;
				CLANG_WARN_OBJC_ROOT_CLASS = YES_ERROR;
				CLANG_WARN_QUOTED_INCLUDE_IN_FRAMEWORK_HEADER = YES;
				CLANG_WARN_RANGE_LOOP_ANALYSIS = YES;
				CLANG_WARN_STRICT_PROTOTYPES = YES;
				CLANG_WARN_SUSPICIOUS_MOVE = YES;
				CLANG_WARN_UNGUARDED_AVAILABILITY = YES_AGGRESSIVE;
				CLANG_WARN_UNREACHABLE_CODE = YES;
				CLANG_WARN__DUPLICATE_METHOD_MATCH = YES;
				COPY_PHASE_STRIP = NO;
				DEBUG_INFORMATION_FORMAT = dwarf;
				ENABLE_STRICT_OBJC_MSGSEND = YES;
				ENABLE_TESTABILITY = YES;
				ENABLE_USER_SCRIPT_SANDBOXING = YES;
				GCC_C_LANGUAGE_STANDARD = gnu17;
				GCC_DYNAMIC_NO_PIC = NO;
				GCC_NO_COMMON_BLOCKS = YES;
				GCC_OPTIMIZATION_LEVEL = 0;
				GCC_PREPROCESSOR_DEFINITIONS = (
					"DEBUG=1",
					"$(inherited)",
				);
				GCC_WARN_64_TO_32_BIT_CONVERSION = YES;
				GCC_WARN_ABOUT_RETURN_TYPE = YES_ERROR;
				GCC_WARN_UNDECLARED_SELECTOR = YES;
				GCC_WARN_UNINITIALIZED_AUTOS = YES_AGGRESSIVE;
				GCC_WARN_UNUSED_FUNCTION = YES;
				GCC_WARN_UNUSED_VARIABLE = YES;
				IPHONEOS_DEPLOYMENT_TARGET = 17.5;
				LOCALIZATION_PREFERS_STRING_CATALOGS = YES;
				MTL_ENABLE_DEBUG_INFO = INCLUDE_SOURCE;
				MTL_FAST_MATH = YES;
				ONLY_ACTIVE_ARCH = YES;
				SDKROOT = iphoneos;
				SWIFT_ACTIVE_COMPILATION_CONDITIONS = "DEBUG $(inherited)";
				SWIFT_OPTIMIZATION_LEVEL = "-Onone";
			};
			name = Debug;
		};
		BBB9E0192CB5CD66004E4CF7 /* Release */ = {
			isa = XCBuildConfiguration;
			buildSettings = {
				ALWAYS_SEARCH_USER_PATHS = NO;
				ASSETCATALOG_COMPILER_GENERATE_SWIFT_ASSET_SYMBOL_EXTENSIONS = YES;
				CLANG_ANALYZER_NONNULL = YES;
				CLANG_ANALYZER_NUMBER_OBJECT_CONVERSION = YES_AGGRESSIVE;
				CLANG_CXX_LANGUAGE_STANDARD = "gnu++20";
				CLANG_ENABLE_MODULES = YES;
				CLANG_ENABLE_OBJC_ARC = YES;
				CLANG_ENABLE_OBJC_WEAK = YES;
				CLANG_WARN_BLOCK_CAPTURE_AUTORELEASING = YES;
				CLANG_WARN_BOOL_CONVERSION = YES;
				CLANG_WARN_COMMA = YES;
				CLANG_WARN_CONSTANT_CONVERSION = YES;
				CLANG_WARN_DEPRECATED_OBJC_IMPLEMENTATIONS = YES;
				CLANG_WARN_DIRECT_OBJC_ISA_USAGE = YES_ERROR;
				CLANG_WARN_DOCUMENTATION_COMMENTS = YES;
				CLANG_WARN_EMPTY_BODY = YES;
				CLANG_WARN_ENUM_CONVERSION = YES;
				CLANG_WARN_INFINITE_RECURSION = YES;
				CLANG_WARN_INT_CONVERSION = YES;
				CLANG_WARN_NON_LITERAL_NULL_CONVERSION = YES;
				CLANG_WARN_OBJC_IMPLICIT_RETAIN_SELF = YES;
				CLANG_WARN_OBJC_LITERAL_CONVERSION = YES;
				CLANG_WARN_OBJC_ROOT_CLASS = YES_ERROR;
				CLANG_WARN_QUOTED_INCLUDE_IN_FRAMEWORK_HEADER = YES;
				CLANG_WARN_RANGE_LOOP_ANALYSIS = YES;
				CLANG_WARN_STRICT_PROTOTYPES = YES;
				CLANG_WARN_SUSPICIOUS_MOVE = YES;
				CLANG_WARN_UNGUARDED_AVAILABILITY = YES_AGGRESSIVE;
				CLANG_WARN_UNREACHABLE_CODE = YES;
				CLANG_WARN__DUPLICATE_METHOD_MATCH = YES;
				COPY_PHASE_STRIP = NO;
				DEBUG_INFORMATION_FORMAT = "dwarf-with-dsym";
				ENABLE_NS_ASSERTIONS = NO;
				ENABLE_STRICT_OBJC_MSGSEND = YES;
				ENABLE_USER_SCRIPT_SANDBOXING = YES;
				GCC_C_LANGUAGE_STANDARD = gnu17;
				GCC_NO_COMMON_BLOCKS = YES;
				GCC_WARN_64_TO_32_BIT_CONVERSION = YES;
				GCC_WARN_ABOUT_RETURN_TYPE = YES_ERROR;
				GCC_WARN_UNDECLARED_SELECTOR = YES;
				GCC_WARN_UNINITIALIZED_AUTOS = YES_AGGRESSIVE;
				GCC_WARN_UNUSED_FUNCTION = YES;
				GCC_WARN_UNUSED_VARIABLE = YES;
				IPHONEOS_DEPLOYMENT_TARGET = 17.5;
				LOCALIZATION_PREFERS_STRING_CATALOGS = YES;
				MTL_ENABLE_DEBUG_INFO = NO;
				MTL_FAST_MATH = YES;
				SDKROOT = iphoneos;
				SWIFT_COMPILATION_MODE = wholemodule;
				VALIDATE_PRODUCT = YES;
			};
			name = Release;
		};
		BBB9E01B2CB5CD66004E4CF7 /* Debug */ = {
			isa = XCBuildConfiguration;
			buildSettings = {
				ASSETCATALOG_COMPILER_APPICON_NAME = AppIcon;
				ASSETCATALOG_COMPILER_GLOBAL_ACCENT_COLOR_NAME = AccentColor;
				CODE_SIGN_STYLE = Automatic;
				CURRENT_PROJECT_VERSION = 1;
				DEVELOPMENT_ASSET_PATHS = "\"Better/Preview Content\"";
				DEVELOPMENT_TEAM = 44A937A7X4;
				ENABLE_PREVIEWS = YES;
				GENERATE_INFOPLIST_FILE = YES;
				INFOPLIST_KEY_UIApplicationSceneManifest_Generation = YES;
				INFOPLIST_KEY_UIApplicationSupportsIndirectInputEvents = YES;
				INFOPLIST_KEY_UILaunchScreen_Generation = YES;
				INFOPLIST_KEY_UISupportedInterfaceOrientations_iPad = "UIInterfaceOrientationPortrait UIInterfaceOrientationPortraitUpsideDown UIInterfaceOrientationLandscapeLeft UIInterfaceOrientationLandscapeRight";
				INFOPLIST_KEY_UISupportedInterfaceOrientations_iPhone = "UIInterfaceOrientationPortrait UIInterfaceOrientationLandscapeLeft UIInterfaceOrientationLandscapeRight";
				LD_RUNPATH_SEARCH_PATHS = (
					"$(inherited)",
					"@executable_path/Frameworks",
				);
				MARKETING_VERSION = 1.0;
				PRODUCT_BUNDLE_IDENTIFIER = com.nickververis.Better;
				PRODUCT_NAME = "$(TARGET_NAME)";
				SWIFT_EMIT_LOC_STRINGS = YES;
				SWIFT_VERSION = 5.0;
				TARGETED_DEVICE_FAMILY = "1,2";
			};
			name = Debug;
		};
		BBB9E01C2CB5CD66004E4CF7 /* Release */ = {
			isa = XCBuildConfiguration;
			buildSettings = {
				ASSETCATALOG_COMPILER_APPICON_NAME = AppIcon;
				ASSETCATALOG_COMPILER_GLOBAL_ACCENT_COLOR_NAME = AccentColor;
				CODE_SIGN_STYLE = Automatic;
				CURRENT_PROJECT_VERSION = 1;
				DEVELOPMENT_ASSET_PATHS = "\"Better/Preview Content\"";
				DEVELOPMENT_TEAM = 44A937A7X4;
				ENABLE_PREVIEWS = YES;
				GENERATE_INFOPLIST_FILE = YES;
				INFOPLIST_KEY_UIApplicationSceneManifest_Generation = YES;
				INFOPLIST_KEY_UIApplicationSupportsIndirectInputEvents = YES;
				INFOPLIST_KEY_UILaunchScreen_Generation = YES;
				INFOPLIST_KEY_UISupportedInterfaceOrientations_iPad = "UIInterfaceOrientationPortrait UIInterfaceOrientationPortraitUpsideDown UIInterfaceOrientationLandscapeLeft UIInterfaceOrientationLandscapeRight";
				INFOPLIST_KEY_UISupportedInterfaceOrientations_iPhone = "UIInterfaceOrientationPortrait UIInterfaceOrientationLandscapeLeft UIInterfaceOrientationLandscapeRight";
				LD_RUNPATH_SEARCH_PATHS = (
					"$(inherited)",
					"@executable_path/Frameworks",
				);
				MARKETING_VERSION = 1.0;
				PRODUCT_BUNDLE_IDENTIFIER = com.nickververis.Better;
				PRODUCT_NAME = "$(TARGET_NAME)";
				SWIFT_EMIT_LOC_STRINGS = YES;
				SWIFT_VERSION = 5.0;
				TARGETED_DEVICE_FAMILY = "1,2";
			};
			name = Release;
		};
/* End XCBuildConfiguration section */

/* Begin XCConfigurationList section */
		BBB9E0072CB5CD64004E4CF7 /* Build configuration list for PBXProject "Better" */ = {
			isa = XCConfigurationList;
			buildConfigurations = (
				BBB9E0182CB5CD66004E4CF7 /* Debug */,
				BBB9E0192CB5CD66004E4CF7 /* Release */,
			);
			defaultConfigurationIsVisible = 0;
			defaultConfigurationName = Release;
		};
		BBB9E01A2CB5CD66004E4CF7 /* Build configuration list for PBXNativeTarget "Better" */ = {
			isa = XCConfigurationList;
			buildConfigurations = (
				BBB9E01B2CB5CD66004E4CF7 /* Debug */,
				BBB9E01C2CB5CD66004E4CF7 /* Release */,
			);
			defaultConfigurationIsVisible = 0;
			defaultConfigurationName = Release;
		};
/* End XCConfigurationList section */
	};
	rootObject = BBB9E0042CB5CD64004E4CF7 /* Project object */;
}
